// !$*UTF8*$!
{
	archiveVersion = 1;
	classes = {
	};
	objectVersion = 50;
	objects = {

/* Begin PBXBuildFile section */
		78A17CA0243F2C0C009ECAD4 /* AppDelegate.swift in Sources */ = {isa = PBXBuildFile; fileRef = 78A17C9F243F2C0C009ECAD4 /* AppDelegate.swift */; };
		78A17CA2243F2C0C009ECAD4 /* SceneDelegate.swift in Sources */ = {isa = PBXBuildFile; fileRef = 78A17CA1243F2C0C009ECAD4 /* SceneDelegate.swift */; };
		78A17CA4243F2C0C009ECAD4 /* ViewController.swift in Sources */ = {isa = PBXBuildFile; fileRef = 78A17CA3243F2C0C009ECAD4 /* ViewController.swift */; };
		78A17CA7243F2C0C009ECAD4 /* Main.storyboard in Resources */ = {isa = PBXBuildFile; fileRef = 78A17CA5243F2C0C009ECAD4 /* Main.storyboard */; };
		78A17CA9243F2C0E009ECAD4 /* Assets.xcassets in Resources */ = {isa = PBXBuildFile; fileRef = 78A17CA8243F2C0E009ECAD4 /* Assets.xcassets */; };
		78A17CAC243F2C0E009ECAD4 /* LaunchScreen.storyboard in Resources */ = {isa = PBXBuildFile; fileRef = 78A17CAA243F2C0E009ECAD4 /* LaunchScreen.storyboard */; };
		78A17CB7243F2C0F009ECAD4 /* ExchangeRatesTests.swift in Sources */ = {isa = PBXBuildFile; fileRef = 78A17CB6243F2C0F009ECAD4 /* ExchangeRatesTests.swift */; };
/* End PBXBuildFile section */

/* Begin PBXContainerItemProxy section */
		78A17CB3243F2C0F009ECAD4 /* PBXContainerItemProxy */ = {
			isa = PBXContainerItemProxy;
			containerPortal = 78A17C94243F2C0C009ECAD4 /* Project object */;
			proxyType = 1;
			remoteGlobalIDString = 78A17C9B243F2C0C009ECAD4;
			remoteInfo = ExchangeRates;
		};
/* End PBXContainerItemProxy section */

/* Begin PBXFileReference section */
		78A17C9C243F2C0C009ECAD4 /* ExchangeRates.app */ = {isa = PBXFileReference; explicitFileType = wrapper.application; includeInIndex = 0; path = ExchangeRates.app; sourceTree = BUILT_PRODUCTS_DIR; };
		78A17C9F243F2C0C009ECAD4 /* AppDelegate.swift */ = {isa = PBXFileReference; lastKnownFileType = sourcecode.swift; path = AppDelegate.swift; sourceTree = "<group>"; };
		78A17CA1243F2C0C009ECAD4 /* SceneDelegate.swift */ = {isa = PBXFileReference; lastKnownFileType = sourcecode.swift; path = SceneDelegate.swift; sourceTree = "<group>"; };
		78A17CA3243F2C0C009ECAD4 /* ViewController.swift */ = {isa = PBXFileReference; lastKnownFileType = sourcecode.swift; path = ViewController.swift; sourceTree = "<group>"; };
		78A17CA6243F2C0C009ECAD4 /* Base */ = {isa = PBXFileReference; lastKnownFileType = file.storyboard; name = Base; path = Base.lproj/Main.storyboard; sourceTree = "<group>"; };
		78A17CA8243F2C0E009ECAD4 /* Assets.xcassets */ = {isa = PBXFileReference; lastKnownFileType = folder.assetcatalog; path = Assets.xcassets; sourceTree = "<group>"; };
		78A17CAB243F2C0E009ECAD4 /* Base */ = {isa = PBXFileReference; lastKnownFileType = file.storyboard; name = Base; path = Base.lproj/LaunchScreen.storyboard; sourceTree = "<group>"; };
		78A17CAD243F2C0E009ECAD4 /* Info.plist */ = {isa = PBXFileReference; lastKnownFileType = text.plist.xml; path = Info.plist; sourceTree = "<group>"; };
		78A17CB2243F2C0F009ECAD4 /* ExchangeRatesTests.xctest */ = {isa = PBXFileReference; explicitFileType = wrapper.cfbundle; includeInIndex = 0; path = ExchangeRatesTests.xctest; sourceTree = BUILT_PRODUCTS_DIR; };
		78A17CB6243F2C0F009ECAD4 /* ExchangeRatesTests.swift */ = {isa = PBXFileReference; lastKnownFileType = sourcecode.swift; path = ExchangeRatesTests.swift; sourceTree = "<group>"; };
		78A17CB8243F2C0F009ECAD4 /* Info.plist */ = {isa = PBXFileReference; lastKnownFileType = text.plist.xml; path = Info.plist; sourceTree = "<group>"; };
/* End PBXFileReference section */

/* Begin PBXFrameworksBuildPhase section */
		78A17C99243F2C0C009ECAD4 /* Frameworks */ = {
			isa = PBXFrameworksBuildPhase;
			buildActionMask = 2147483647;
			files = (
			);
			runOnlyForDeploymentPostprocessing = 0;
		};
		78A17CAF243F2C0F009ECAD4 /* Frameworks */ = {
			isa = PBXFrameworksBuildPhase;
			buildActionMask = 2147483647;
			files = (
			);
			runOnlyForDeploymentPostprocessing = 0;
		};
/* End PBXFrameworksBuildPhase section */

/* Begin PBXGroup section */
		78A17C93243F2C0C009ECAD4 = {
			isa = PBXGroup;
			children = (
				78A17C9E243F2C0C009ECAD4 /* ExchangeRates */,
				78A17CB5243F2C0F009ECAD4 /* ExchangeRatesTests */,
				78A17C9D243F2C0C009ECAD4 /* Products */,
			);
			sourceTree = "<group>";
		};
		78A17C9D243F2C0C009ECAD4 /* Products */ = {
			isa = PBXGroup;
			children = (
				78A17C9C243F2C0C009ECAD4 /* ExchangeRates.app */,
				78A17CB2243F2C0F009ECAD4 /* ExchangeRatesTests.xctest */,
			);
			name = Products;
			sourceTree = "<group>";
		};
		78A17C9E243F2C0C009ECAD4 /* ExchangeRates */ = {
			isa = PBXGroup;
			children = (
				78A17C9F243F2C0C009ECAD4 /* AppDelegate.swift */,
				78A17CA1243F2C0C009ECAD4 /* SceneDelegate.swift */,
				78A17CA3243F2C0C009ECAD4 /* ViewController.swift */,
				78A17CA5243F2C0C009ECAD4 /* Main.storyboard */,
				78A17CA8243F2C0E009ECAD4 /* Assets.xcassets */,
				78A17CAA243F2C0E009ECAD4 /* LaunchScreen.storyboard */,
				78A17CAD243F2C0E009ECAD4 /* Info.plist */,
			);
			path = ExchangeRates;
			sourceTree = "<group>";
		};
		78A17CB5243F2C0F009ECAD4 /* ExchangeRatesTests */ = {
			isa = PBXGroup;
			children = (
				78A17CB6243F2C0F009ECAD4 /* ExchangeRatesTests.swift */,
				78A17CB8243F2C0F009ECAD4 /* Info.plist */,
			);
			path = ExchangeRatesTests;
			sourceTree = "<group>";
		};
/* End PBXGroup section */

/* Begin PBXNativeTarget section */
		78A17C9B243F2C0C009ECAD4 /* ExchangeRates */ = {
			isa = PBXNativeTarget;
			buildConfigurationList = 78A17CBB243F2C0F009ECAD4 /* Build configuration list for PBXNativeTarget "ExchangeRates" */;
			buildPhases = (
				78A17C98243F2C0C009ECAD4 /* Sources */,
				78A17C99243F2C0C009ECAD4 /* Frameworks */,
				78A17C9A243F2C0C009ECAD4 /* Resources */,
			);
			buildRules = (
			);
			dependencies = (
			);
			name = ExchangeRates;
			productName = ExchangeRates;
			productReference = 78A17C9C243F2C0C009ECAD4 /* ExchangeRates.app */;
			productType = "com.apple.product-type.application";
		};
		78A17CB1243F2C0F009ECAD4 /* ExchangeRatesTests */ = {
			isa = PBXNativeTarget;
			buildConfigurationList = 78A17CBE243F2C0F009ECAD4 /* Build configuration list for PBXNativeTarget "ExchangeRatesTests" */;
			buildPhases = (
				78A17CAE243F2C0F009ECAD4 /* Sources */,
				78A17CAF243F2C0F009ECAD4 /* Frameworks */,
				78A17CB0243F2C0F009ECAD4 /* Resources */,
			);
			buildRules = (
			);
			dependencies = (
				78A17CB4243F2C0F009ECAD4 /* PBXTargetDependency */,
			);
			name = ExchangeRatesTests;
			productName = ExchangeRatesTests;
			productReference = 78A17CB2243F2C0F009ECAD4 /* ExchangeRatesTests.xctest */;
			productType = "com.apple.product-type.bundle.unit-test";
		};
/* End PBXNativeTarget section */

/* Begin PBXProject section */
		78A17C94243F2C0C009ECAD4 /* Project object */ = {
			isa = PBXProject;
			attributes = {
				LastSwiftUpdateCheck = 1130;
				LastUpgradeCheck = 1130;
				ORGANIZATIONNAME = "Piotr Wesolowski";
				TargetAttributes = {
					78A17C9B243F2C0C009ECAD4 = {
						CreatedOnToolsVersion = 11.3.1;
					};
					78A17CB1243F2C0F009ECAD4 = {
						CreatedOnToolsVersion = 11.3.1;
						TestTargetID = 78A17C9B243F2C0C009ECAD4;
					};
				};
			};
			buildConfigurationList = 78A17C97243F2C0C009ECAD4 /* Build configuration list for PBXProject "ExchangeRates" */;
			compatibilityVersion = "Xcode 9.3";
			developmentRegion = en;
			hasScannedForEncodings = 0;
			knownRegions = (
				en,
				Base,
			);
			mainGroup = 78A17C93243F2C0C009ECAD4;
			productRefGroup = 78A17C9D243F2C0C009ECAD4 /* Products */;
			projectDirPath = "";
			projectRoot = "";
			targets = (
				78A17C9B243F2C0C009ECAD4 /* ExchangeRates */,
				78A17CB1243F2C0F009ECAD4 /* ExchangeRatesTests */,
			);
		};
/* End PBXProject section */

/* Begin PBXResourcesBuildPhase section */
		78A17C9A243F2C0C009ECAD4 /* Resources */ = {
			isa = PBXResourcesBuildPhase;
			buildActionMask = 2147483647;
			files = (
				78A17CAC243F2C0E009ECAD4 /* LaunchScreen.storyboard in Resources */,
				78A17CA9243F2C0E009ECAD4 /* Assets.xcassets in Resources */,
				78A17CA7243F2C0C009ECAD4 /* Main.storyboard in Resources */,
			);
			runOnlyForDeploymentPostprocessing = 0;
		};
		78A17CB0243F2C0F009ECAD4 /* Resources */ = {
			isa = PBXResourcesBuildPhase;
			buildActionMask = 2147483647;
			files = (
			);
			runOnlyForDeploymentPostprocessing = 0;
		};
/* End PBXResourcesBuildPhase section */

/* Begin PBXSourcesBuildPhase section */
		78A17C98243F2C0C009ECAD4 /* Sources */ = {
			isa = PBXSourcesBuildPhase;
			buildActionMask = 2147483647;
			files = (
				78A17CA4243F2C0C009ECAD4 /* ViewController.swift in Sources */,
				78A17CA0243F2C0C009ECAD4 /* AppDelegate.swift in Sources */,
				78A17CA2243F2C0C009ECAD4 /* SceneDelegate.swift in Sources */,
			);
			runOnlyForDeploymentPostprocessing = 0;
		};
		78A17CAE243F2C0F009ECAD4 /* Sources */ = {
			isa = PBXSourcesBuildPhase;
			buildActionMask = 2147483647;
			files = (
				78A17CB7243F2C0F009ECAD4 /* ExchangeRatesTests.swift in Sources */,
			);
			runOnlyForDeploymentPostprocessing = 0;
		};
/* End PBXSourcesBuildPhase section */

/* Begin PBXTargetDependency section */
		78A17CB4243F2C0F009ECAD4 /* PBXTargetDependency */ = {
			isa = PBXTargetDependency;
			target = 78A17C9B243F2C0C009ECAD4 /* ExchangeRates */;
			targetProxy = 78A17CB3243F2C0F009ECAD4 /* PBXContainerItemProxy */;
		};
/* End PBXTargetDependency section */

/* Begin PBXVariantGroup section */
		78A17CA5243F2C0C009ECAD4 /* Main.storyboard */ = {
			isa = PBXVariantGroup;
			children = (
				78A17CA6243F2C0C009ECAD4 /* Base */,
			);
			name = Main.storyboard;
			sourceTree = "<group>";
		};
		78A17CAA243F2C0E009ECAD4 /* LaunchScreen.storyboard */ = {
			isa = PBXVariantGroup;
			children = (
				78A17CAB243F2C0E009ECAD4 /* Base */,
			);
			name = LaunchScreen.storyboard;
			sourceTree = "<group>";
		};
/* End PBXVariantGroup section */

/* Begin XCBuildConfiguration section */
		78A17CB9243F2C0F009ECAD4 /* Debug */ = {
			isa = XCBuildConfiguration;
			buildSettings = {
				ALWAYS_SEARCH_USER_PATHS = NO;
				CLANG_ANALYZER_NONNULL = YES;
				CLANG_ANALYZER_NUMBER_OBJECT_CONVERSION = YES_AGGRESSIVE;
				CLANG_CXX_LANGUAGE_STANDARD = "gnu++14";
				CLANG_CXX_LIBRARY = "libc++";
				CLANG_ENABLE_MODULES = YES;
				CLANG_ENABLE_OBJC_ARC = YES;
				CLANG_ENABLE_OBJC_WEAK = YES;
				CLANG_WARN_BLOCK_CAPTURE_AUTORELEASING = YES;
				CLANG_WARN_BOOL_CONVERSION = YES;
				CLANG_WARN_COMMA = YES;
				CLANG_WARN_CONSTANT_CONVERSION = YES;
				CLANG_WARN_DEPRECATED_OBJC_IMPLEMENTATIONS = YES;
				CLANG_WARN_DIRECT_OBJC_ISA_USAGE = YES_ERROR;
				CLANG_WARN_DOCUMENTATION_COMMENTS = YES;
				CLANG_WARN_EMPTY_BODY = YES;
				CLANG_WARN_ENUM_CONVERSION = YES;
				CLANG_WARN_INFINITE_RECURSION = YES;
				CLANG_WARN_INT_CONVERSION = YES;
				CLANG_WARN_NON_LITERAL_NULL_CONVERSION = YES;
				CLANG_WARN_OBJC_IMPLICIT_RETAIN_SELF = YES;
				CLANG_WARN_OBJC_LITERAL_CONVERSION = YES;
				CLANG_WARN_OBJC_ROOT_CLASS = YES_ERROR;
				CLANG_WARN_RANGE_LOOP_ANALYSIS = YES;
				CLANG_WARN_STRICT_PROTOTYPES = YES;
				CLANG_WARN_SUSPICIOUS_MOVE = YES;
				CLANG_WARN_UNGUARDED_AVAILABILITY = YES_AGGRESSIVE;
				CLANG_WARN_UNREACHABLE_CODE = YES;
				CLANG_WARN__DUPLICATE_METHOD_MATCH = YES;
				COPY_PHASE_STRIP = NO;
				DEBUG_INFORMATION_FORMAT = dwarf;
				ENABLE_STRICT_OBJC_MSGSEND = YES;
				ENABLE_TESTABILITY = YES;
				GCC_C_LANGUAGE_STANDARD = gnu11;
				GCC_DYNAMIC_NO_PIC = NO;
				GCC_NO_COMMON_BLOCKS = YES;
				GCC_OPTIMIZATION_LEVEL = 0;
				GCC_PREPROCESSOR_DEFINITIONS = (
					"DEBUG=1",
					"$(inherited)",
				);
				GCC_WARN_64_TO_32_BIT_CONVERSION = YES;
				GCC_WARN_ABOUT_RETURN_TYPE = YES_ERROR;
				GCC_WARN_UNDECLARED_SELECTOR = YES;
				GCC_WARN_UNINITIALIZED_AUTOS = YES_AGGRESSIVE;
				GCC_WARN_UNUSED_FUNCTION = YES;
				GCC_WARN_UNUSED_VARIABLE = YES;
				IPHONEOS_DEPLOYMENT_TARGET = 13.2;
				MTL_ENABLE_DEBUG_INFO = INCLUDE_SOURCE;
				MTL_FAST_MATH = YES;
				ONLY_ACTIVE_ARCH = YES;
				SDKROOT = iphoneos;
				SWIFT_ACTIVE_COMPILATION_CONDITIONS = DEBUG;
				SWIFT_OPTIMIZATION_LEVEL = "-Onone";
			};
			name = Debug;
		};
		78A17CBA243F2C0F009ECAD4 /* Release */ = {
			isa = XCBuildConfiguration;
			buildSettings = {
				ALWAYS_SEARCH_USER_PATHS = NO;
				CLANG_ANALYZER_NONNULL = YES;
				CLANG_ANALYZER_NUMBER_OBJECT_CONVERSION = YES_AGGRESSIVE;
				CLANG_CXX_LANGUAGE_STANDARD = "gnu++14";
				CLANG_CXX_LIBRARY = "libc++";
				CLANG_ENABLE_MODULES = YES;
				CLANG_ENABLE_OBJC_ARC = YES;
				CLANG_ENABLE_OBJC_WEAK = YES;
				CLANG_WARN_BLOCK_CAPTURE_AUTORELEASING = YES;
				CLANG_WARN_BOOL_CONVERSION = YES;
				CLANG_WARN_COMMA = YES;
				CLANG_WARN_CONSTANT_CONVERSION = YES;
				CLANG_WARN_DEPRECATED_OBJC_IMPLEMENTATIONS = YES;
				CLANG_WARN_DIRECT_OBJC_ISA_USAGE = YES_ERROR;
				CLANG_WARN_DOCUMENTATION_COMMENTS = YES;
				CLANG_WARN_EMPTY_BODY = YES;
				CLANG_WARN_ENUM_CONVERSION = YES;
				CLANG_WARN_INFINITE_RECURSION = YES;
				CLANG_WARN_INT_CONVERSION = YES;
				CLANG_WARN_NON_LITERAL_NULL_CONVERSION = YES;
				CLANG_WARN_OBJC_IMPLICIT_RETAIN_SELF = YES;
				CLANG_WARN_OBJC_LITERAL_CONVERSION = YES;
				CLANG_WARN_OBJC_ROOT_CLASS = YES_ERROR;
				CLANG_WARN_RANGE_LOOP_ANALYSIS = YES;
				CLANG_WARN_STRICT_PROTOTYPES = YES;
				CLANG_WARN_SUSPICIOUS_MOVE = YES;
				CLANG_WARN_UNGUARDED_AVAILABILITY = YES_AGGRESSIVE;
				CLANG_WARN_UNREACHABLE_CODE = YES;
				CLANG_WARN__DUPLICATE_METHOD_MATCH = YES;
				COPY_PHASE_STRIP = NO;
				DEBUG_INFORMATION_FORMAT = "dwarf-with-dsym";
				ENABLE_NS_ASSERTIONS = NO;
				ENABLE_STRICT_OBJC_MSGSEND = YES;
				GCC_C_LANGUAGE_STANDARD = gnu11;
				GCC_NO_COMMON_BLOCKS = YES;
				GCC_WARN_64_TO_32_BIT_CONVERSION = YES;
				GCC_WARN_ABOUT_RETURN_TYPE = YES_ERROR;
				GCC_WARN_UNDECLARED_SELECTOR = YES;
				GCC_WARN_UNINITIALIZED_AUTOS = YES_AGGRESSIVE;
				GCC_WARN_UNUSED_FUNCTION = YES;
				GCC_WARN_UNUSED_VARIABLE = YES;
				IPHONEOS_DEPLOYMENT_TARGET = 13.2;
				MTL_ENABLE_DEBUG_INFO = NO;
				MTL_FAST_MATH = YES;
				SDKROOT = iphoneos;
				SWIFT_COMPILATION_MODE = wholemodule;
				SWIFT_OPTIMIZATION_LEVEL = "-O";
				VALIDATE_PRODUCT = YES;
			};
			name = Release;
		};
		78A17CBC243F2C0F009ECAD4 /* Debug */ = {
			isa = XCBuildConfiguration;
			buildSettings = {
				ASSETCATALOG_COMPILER_APPICON_NAME = AppIcon;
				CODE_SIGN_STYLE = Automatic;
				INFOPLIST_FILE = ExchangeRates/Info.plist;
				LD_RUNPATH_SEARCH_PATHS = (
					"$(inherited)",
					"@executable_path/Frameworks",
				);
				PRODUCT_BUNDLE_IDENTIFIER = pl.piotrwesolowski.ExchangeRates;
				PRODUCT_NAME = "$(TARGET_NAME)";
				SWIFT_VERSION = 5.0;
				TARGETED_DEVICE_FAMILY = "1,2";
			};
			name = Debug;
		};
		78A17CBD243F2C0F009ECAD4 /* Release */ = {
			isa = XCBuildConfiguration;
			buildSettings = {
				ASSETCATALOG_COMPILER_APPICON_NAME = AppIcon;
				CODE_SIGN_STYLE = Automatic;
				INFOPLIST_FILE = ExchangeRates/Info.plist;
				LD_RUNPATH_SEARCH_PATHS = (
					"$(inherited)",
					"@executable_path/Frameworks",
				);
				PRODUCT_BUNDLE_IDENTIFIER = pl.piotrwesolowski.ExchangeRates;
				PRODUCT_NAME = "$(TARGET_NAME)";
				SWIFT_VERSION = 5.0;
				TARGETED_DEVICE_FAMILY = "1,2";
			};
			name = Release;
		};
		78A17CBF243F2C0F009ECAD4 /* Debug */ = {
			isa = XCBuildConfiguration;
			buildSettings = {
				ALWAYS_EMBED_SWIFT_STANDARD_LIBRARIES = YES;
				BUNDLE_LOADER = "$(TEST_HOST)";
				CODE_SIGN_STYLE = Automatic;
				INFOPLIST_FILE = ExchangeRatesTests/Info.plist;
				IPHONEOS_DEPLOYMENT_TARGET = 13.2;
				LD_RUNPATH_SEARCH_PATHS = (
					"$(inherited)",
					"@executable_path/Frameworks",
					"@loader_path/Frameworks",
				);
				PRODUCT_BUNDLE_IDENTIFIER = pl.piotrwesolowski.ExchangeRatesTests;
				PRODUCT_NAME = "$(TARGET_NAME)";
				SWIFT_VERSION = 5.0;
				TARGETED_DEVICE_FAMILY = "1,2";
				TEST_HOST = "$(BUILT_PRODUCTS_DIR)/ExchangeRates.app/ExchangeRates";
			};
			name = Debug;
		};
		78A17CC0243F2C0F009ECAD4 /* Release */ = {
			isa = XCBuildConfiguration;
			buildSettings = {
				ALWAYS_EMBED_SWIFT_STANDARD_LIBRARIES = YES;
				BUNDLE_LOADER = "$(TEST_HOST)";
				CODE_SIGN_STYLE = Automatic;
				INFOPLIST_FILE = ExchangeRatesTests/Info.plist;
				IPHONEOS_DEPLOYMENT_TARGET = 13.2;
				LD_RUNPATH_SEARCH_PATHS = (
					"$(inherited)",
					"@executable_path/Frameworks",
					"@loader_path/Frameworks",
				);
				PRODUCT_BUNDLE_IDENTIFIER = pl.piotrwesolowski.ExchangeRatesTests;
				PRODUCT_NAME = "$(TARGET_NAME)";
				SWIFT_VERSION = 5.0;
				TARGETED_DEVICE_FAMILY = "1,2";
				TEST_HOST = "$(BUILT_PRODUCTS_DIR)/ExchangeRates.app/ExchangeRates";
			};
			name = Release;
		};
/* End XCBuildConfiguration section */

/* Begin XCConfigurationList section */
		78A17C97243F2C0C009ECAD4 /* Build configuration list for PBXProject "ExchangeRates" */ = {
			isa = XCConfigurationList;
			buildConfigurations = (
				78A17CB9243F2C0F009ECAD4 /* Debug */,
				78A17CBA243F2C0F009ECAD4 /* Release */,
			);
			defaultConfigurationIsVisible = 0;
			defaultConfigurationName = Release;
		};
		78A17CBB243F2C0F009ECAD4 /* Build configuration list for PBXNativeTarget "ExchangeRates" */ = {
			isa = XCConfigurationList;
			buildConfigurations = (
				78A17CBC243F2C0F009ECAD4 /* Debug */,
				78A17CBD243F2C0F009ECAD4 /* Release */,
			);
			defaultConfigurationIsVisible = 0;
			defaultConfigurationName = Release;
		};
		78A17CBE243F2C0F009ECAD4 /* Build configuration list for PBXNativeTarget "ExchangeRatesTests" */ = {
			isa = XCConfigurationList;
			buildConfigurations = (
				78A17CBF243F2C0F009ECAD4 /* Debug */,
				78A17CC0243F2C0F009ECAD4 /* Release */,
			);
			defaultConfigurationIsVisible = 0;
			defaultConfigurationName = Release;
		};
/* End XCConfigurationList section */
	};
	rootObject = 78A17C94243F2C0C009ECAD4 /* Project object */;
}
